{
  "originHash" : "7ac14b5884e311d46cf708c8441d72cff54a6e1ef4efcacbc3ae1e5e7bb5049d",
  "pins" : [
    {
      "identity" : "node-swift",
      "kind" : "remoteSourceControl",
      "location" : "https://github.com/kabiroberai/node-swift",
      "state" : {
        "branch" : "main",
        "revision" : "314becf1c88b3c638ee96340c1458ac7c18d3838"
      }
    },
    {
      "identity" : "swift-syntax",
      "kind" : "remoteSourceControl",
      "location" : "https://github.com/swiftlang/swift-syntax.git",
      "state" : {
        "revision" : "f99ae8aa18f0cf0d53481901f88a0991dc3bd4a2",
        "version" : "601.0.1"
      }
    }
  ],
  "version" : 3
}
