{
  "originHash" : "ef1190e422a1c1a405a5ad408c043d2adc47dadb5989845f66cd4ee989857467",
  "pins" : [
    {
      "identity" : "grdb.swift",
      "kind" : "remoteSourceControl",
      "location" : "https://github.com/groue/GRDB.swift.git",
      "state" : {
        "branch" : "master",
        "revision" : "db695cf7dc2632c263bcf0b26f118074feb2697a"
      }
    },
    {
      "identity" : "node-swift",
      "kind" : "remoteSourceControl",
      "location" : "https://github.com/kabiroberai/node-swift",
      "state" : {
        "branch" : "main",
        "revision" : "314becf1c88b3c638ee96340c1458ac7c18d3838"
      }
    },
    {
      "identity" : "swift-syntax",
      "kind" : "remoteSourceControl",
      "location" : "https://github.com/swiftlang/swift-syntax.git",
      "state" : {
        "revision" : "f99ae8aa18f0cf0d53481901f88a0991dc3bd4a2",
        "version" : "601.0.1"
      }
    }
  ],
  "version" : 3
}
